// !$*UTF8*$!
{
	archiveVersion = 1;
	classes = {
	};
	objectVersion = 55;
	objects = {

/* Begin PBXBuildFile section */
		6A2114092860AC3F000309D9 /* AppDelegate.swift in Sources */ = {isa = PBXBuildFile; fileRef = 6A2114082860AC3F000309D9 /* AppDelegate.swift */; };
		6A21140B2860AC3F000309D9 /* SceneDelegate.swift in Sources */ = {isa = PBXBuildFile; fileRef = 6A21140A2860AC3F000309D9 /* SceneDelegate.swift */; };
		6A2114122860AC40000309D9 /* Assets.xcassets in Resources */ = {isa = PBXBuildFile; fileRef = 6A2114112860AC40000309D9 /* Assets.xcassets */; };
		6A2114152860AC40000309D9 /* LaunchScreen.storyboard in Resources */ = {isa = PBXBuildFile; fileRef = 6A2114132860AC40000309D9 /* LaunchScreen.storyboard */; };
		6A21142A2860AC40000309D9 /* TakeHomeExerciseUITests.swift in Sources */ = {isa = PBXBuildFile; fileRef = 6A2114292860AC40000309D9 /* TakeHomeExerciseUITests.swift */; };
		6A21142C2860AC40000309D9 /* TakeHomeExerciseUITestsLaunchTests.swift in Sources */ = {isa = PBXBuildFile; fileRef = 6A21142B2860AC40000309D9 /* TakeHomeExerciseUITestsLaunchTests.swift */; };
		6A258A762861C77E00F5429C /* TrendService.swift in Sources */ = {isa = PBXBuildFile; fileRef = 6A258A752861C77E00F5429C /* TrendService.swift */; };
		6A47F8AE2862ED7900915B25 /* ItemModel.swift in Sources */ = {isa = PBXBuildFile; fileRef = 6A47F8AD2862ED7900915B25 /* ItemModel.swift */; };
		6A47F8EC28636EBC00915B25 /* BaseViewController.swift in Sources */ = {isa = PBXBuildFile; fileRef = 6A47F8EA28636EBC00915B25 /* BaseViewController.swift */; };
		6A47F8ED28636EBC00915B25 /* BaseViewController.xib in Resources */ = {isa = PBXBuildFile; fileRef = 6A47F8EB28636EBC00915B25 /* BaseViewController.xib */; };
		6A47F8F32864002800915B25 /* TrendingRepositoryTableViewCell.swift in Sources */ = {isa = PBXBuildFile; fileRef = 6A47F8F12864002800915B25 /* TrendingRepositoryTableViewCell.swift */; };
		6A47F8F42864002800915B25 /* TrendingRepositoryTableViewCell.xib in Resources */ = {isa = PBXBuildFile; fileRef = 6A47F8F22864002800915B25 /* TrendingRepositoryTableViewCell.xib */; };
		6A47F8FD286421F200915B25 /* TrendingRepositoryTableViewCellViewModel.swift in Sources */ = {isa = PBXBuildFile; fileRef = 6A47F8FC286421F200915B25 /* TrendingRepositoryTableViewCellViewModel.swift */; };
		6A47F9002864398500915B25 /* Kingfisher in Frameworks */ = {isa = PBXBuildFile; productRef = 6A47F8FF2864398500915B25 /* Kingfisher */; };
		6A47F90528643F3D00915B25 /* UIImageView+Extension.swift in Sources */ = {isa = PBXBuildFile; fileRef = 6A47F90428643F3D00915B25 /* UIImageView+Extension.swift */; };
		6A47F9092864425A00915B25 /* UINavigationControllerFactory.swift in Sources */ = {isa = PBXBuildFile; fileRef = 6A47F9082864425A00915B25 /* UINavigationControllerFactory.swift */; };
		6A47F91A28644E0E00915B25 /* ImageLoadAdapter.swift in Sources */ = {isa = PBXBuildFile; fileRef = 6A47F91928644E0E00915B25 /* ImageLoadAdapter.swift */; };
		6A47F91C286452F200915B25 /* TrendingRepositoriesViewModel.swift in Sources */ = {isa = PBXBuildFile; fileRef = 6A47F91B286452F200915B25 /* TrendingRepositoriesViewModel.swift */; };
		6A47F91F2864B27E00915B25 /* SkeletonView in Frameworks */ = {isa = PBXBuildFile; productRef = 6A47F91E2864B27E00915B25 /* SkeletonView */; };
		6A47F9232864C70C00915B25 /* TrendingRepositoriesViewController.swift in Sources */ = {isa = PBXBuildFile; fileRef = 6A47F9222864C70C00915B25 /* TrendingRepositoriesViewController.swift */; };
		6A47F92628657FA500915B25 /* Lottie in Frameworks */ = {isa = PBXBuildFile; productRef = 6A47F92528657FA500915B25 /* Lottie */; };
		6A47F9292865823900915B25 /* 4506-retry-and-user-busy-version-2.json in Resources */ = {isa = PBXBuildFile; fileRef = 6A47F9282865823900915B25 /* 4506-retry-and-user-busy-version-2.json */; };
		6A47F92B286583F400915B25 /* UIView+Extension.swift in Sources */ = {isa = PBXBuildFile; fileRef = 6A47F92A286583F400915B25 /* UIView+Extension.swift */; };
		6A47F930286585B500915B25 /* LoadingErrorView.swift in Sources */ = {isa = PBXBuildFile; fileRef = 6A47F92F286585B500915B25 /* LoadingErrorView.swift */; };
		6A47F932286585D300915B25 /* LoadingErrorView.xib in Resources */ = {isa = PBXBuildFile; fileRef = 6A47F931286585D300915B25 /* LoadingErrorView.xib */; };
		6A47F938286648A500915B25 /* String+Extension.swift in Sources */ = {isa = PBXBuildFile; fileRef = 6A47F937286648A500915B25 /* String+Extension.swift */; };
		6A47F9402866A26E00915B25 /* TrendingRepositoriesViewModelTests.swift in Sources */ = {isa = PBXBuildFile; fileRef = 6A47F93F2866A26E00915B25 /* TrendingRepositoriesViewModelTests.swift */; };
		6A47F9432866A30E00915B25 /* TrendRepositoryStub.swift in Sources */ = {isa = PBXBuildFile; fileRef = 6A47F9422866A30E00915B25 /* TrendRepositoryStub.swift */; };
		6A47F9472866B02200915B25 /* TrendingRepositoriesViewControllerTests.swift in Sources */ = {isa = PBXBuildFile; fileRef = 6A47F9462866B02200915B25 /* TrendingRepositoriesViewControllerTests.swift */; };
		6A47F94A2866E1F800915B25 /* TrendingRepositoryTableViewCellViewModelTests.swift in Sources */ = {isa = PBXBuildFile; fileRef = 6A47F9492866E1F700915B25 /* TrendingRepositoryTableViewCellViewModelTests.swift */; };
		6A47F95028671E3600915B25 /* TrendingRepositoriesBuilder.swift in Sources */ = {isa = PBXBuildFile; fileRef = 6A47F94F28671E3600915B25 /* TrendingRepositoriesBuilder.swift */; };
		6A60515E2861E2CD008A5254 /* Router.swift in Sources */ = {isa = PBXBuildFile; fileRef = 6A60515D2861E2CD008A5254 /* Router.swift */; };
		6A6051602861F6B4008A5254 /* TrendModel.swift in Sources */ = {isa = PBXBuildFile; fileRef = 6A60515F2861F6B4008A5254 /* TrendModel.swift */; };
		6A6051622862041F008A5254 /* TrendRepository.swift in Sources */ = {isa = PBXBuildFile; fileRef = 6A6051612862041F008A5254 /* TrendRepository.swift */; };
		6A6051642862D165008A5254 /* OwnerModel.swift in Sources */ = {isa = PBXBuildFile; fileRef = 6A6051632862D165008A5254 /* OwnerModel.swift */; };
		6A76F436287FF7CF00F716D1 /* TrendingRepositoriesBuilderTests.swift in Sources */ = {isa = PBXBuildFile; fileRef = 6A76F435287FF7CF00F716D1 /* TrendingRepositoriesBuilderTests.swift */; };
		6A82F02028618A6B0093337C /* ApiManager.swift in Sources */ = {isa = PBXBuildFile; fileRef = 6A82F01F28618A6B0093337C /* ApiManager.swift */; };
		6A82F024286193450093337C /* ApiManagerTests.swift in Sources */ = {isa = PBXBuildFile; fileRef = 6A82F023286193450093337C /* ApiManagerTests.swift */; };
		6AA9C93F2875A97A00B8ECDD /* RepositoryDescriptionViewController.swift in Sources */ = {isa = PBXBuildFile; fileRef = 6AA9C93D2875A97A00B8ECDD /* RepositoryDescriptionViewController.swift */; };
		6AA9C9402875A97A00B8ECDD /* RepositoryDescriptionViewController.xib in Resources */ = {isa = PBXBuildFile; fileRef = 6AA9C93E2875A97A00B8ECDD /* RepositoryDescriptionViewController.xib */; };
		6AA9C9432875A9D300B8ECDD /* RepositoryDesciptionViewControllerTests.swift in Sources */ = {isa = PBXBuildFile; fileRef = 6AA9C9422875A9D300B8ECDD /* RepositoryDesciptionViewControllerTests.swift */; };
		6AA9C9462875AB1400B8ECDD /* AppRouter.swift in Sources */ = {isa = PBXBuildFile; fileRef = 6AA9C9452875AB1400B8ECDD /* AppRouter.swift */; };
		6AA9C94B2875AB5600B8ECDD /* AppRouterTests.swift in Sources */ = {isa = PBXBuildFile; fileRef = 6AA9C94A2875AB5600B8ECDD /* AppRouterTests.swift */; };
		6AA9C94D2875AC2800B8ECDD /* RepositoryDescriptionViewModel.swift in Sources */ = {isa = PBXBuildFile; fileRef = 6AA9C94C2875AC2800B8ECDD /* RepositoryDescriptionViewModel.swift */; };
		6AA9C94F2875AC3C00B8ECDD /* RepositoryDescriptionViewModelTests.swift in Sources */ = {isa = PBXBuildFile; fileRef = 6AA9C94E2875AC3C00B8ECDD /* RepositoryDescriptionViewModelTests.swift */; };
/* End PBXBuildFile section */

/* Begin PBXContainerItemProxy section */
		6A21141C2860AC40000309D9 /* PBXContainerItemProxy */ = {
			isa = PBXContainerItemProxy;
			containerPortal = 6A2113FD2860AC3F000309D9 /* Project object */;
			proxyType = 1;
			remoteGlobalIDString = 6A2114042860AC3F000309D9;
			remoteInfo = TakeHomeExercise;
		};
		6A2114262860AC40000309D9 /* PBXContainerItemProxy */ = {
			isa = PBXContainerItemProxy;
			containerPortal = 6A2113FD2860AC3F000309D9 /* Project object */;
			proxyType = 1;
			remoteGlobalIDString = 6A2114042860AC3F000309D9;
			remoteInfo = TakeHomeExercise;
		};
/* End PBXContainerItemProxy section */

/* Begin PBXFileReference section */
		6A2114052860AC3F000309D9 /* TakeHomeExercise.app */ = {isa = PBXFileReference; explicitFileType = wrapper.application; includeInIndex = 0; path = TakeHomeExercise.app; sourceTree = BUILT_PRODUCTS_DIR; };
		6A2114082860AC3F000309D9 /* AppDelegate.swift */ = {isa = PBXFileReference; lastKnownFileType = sourcecode.swift; path = AppDelegate.swift; sourceTree = "<group>"; };
		6A21140A2860AC3F000309D9 /* SceneDelegate.swift */ = {isa = PBXFileReference; lastKnownFileType = sourcecode.swift; path = SceneDelegate.swift; sourceTree = "<group>"; };
		6A2114112860AC40000309D9 /* Assets.xcassets */ = {isa = PBXFileReference; lastKnownFileType = folder.assetcatalog; path = Assets.xcassets; sourceTree = "<group>"; };
		6A2114142860AC40000309D9 /* Base */ = {isa = PBXFileReference; lastKnownFileType = file.storyboard; name = Base; path = Base.lproj/LaunchScreen.storyboard; sourceTree = "<group>"; };
		6A2114162860AC40000309D9 /* Info.plist */ = {isa = PBXFileReference; lastKnownFileType = text.plist.xml; path = Info.plist; sourceTree = "<group>"; };
		6A21141B2860AC40000309D9 /* TakeHomeExerciseTests.xctest */ = {isa = PBXFileReference; explicitFileType = wrapper.cfbundle; includeInIndex = 0; path = TakeHomeExerciseTests.xctest; sourceTree = BUILT_PRODUCTS_DIR; };
		6A2114252860AC40000309D9 /* TakeHomeExerciseUITests.xctest */ = {isa = PBXFileReference; explicitFileType = wrapper.cfbundle; includeInIndex = 0; path = TakeHomeExerciseUITests.xctest; sourceTree = BUILT_PRODUCTS_DIR; };
		6A2114292860AC40000309D9 /* TakeHomeExerciseUITests.swift */ = {isa = PBXFileReference; lastKnownFileType = sourcecode.swift; path = TakeHomeExerciseUITests.swift; sourceTree = "<group>"; };
		6A21142B2860AC40000309D9 /* TakeHomeExerciseUITestsLaunchTests.swift */ = {isa = PBXFileReference; lastKnownFileType = sourcecode.swift; path = TakeHomeExerciseUITestsLaunchTests.swift; sourceTree = "<group>"; };
		6A258A752861C77E00F5429C /* TrendService.swift */ = {isa = PBXFileReference; lastKnownFileType = sourcecode.swift; path = TrendService.swift; sourceTree = "<group>"; };
		6A47F8AD2862ED7900915B25 /* ItemModel.swift */ = {isa = PBXFileReference; lastKnownFileType = sourcecode.swift; path = ItemModel.swift; sourceTree = "<group>"; };
		6A47F8EA28636EBC00915B25 /* BaseViewController.swift */ = {isa = PBXFileReference; lastKnownFileType = sourcecode.swift; path = BaseViewController.swift; sourceTree = "<group>"; };
		6A47F8EB28636EBC00915B25 /* BaseViewController.xib */ = {isa = PBXFileReference; lastKnownFileType = file.xib; path = BaseViewController.xib; sourceTree = "<group>"; };
		6A47F8F12864002800915B25 /* TrendingRepositoryTableViewCell.swift */ = {isa = PBXFileReference; lastKnownFileType = sourcecode.swift; path = TrendingRepositoryTableViewCell.swift; sourceTree = "<group>"; };
		6A47F8F22864002800915B25 /* TrendingRepositoryTableViewCell.xib */ = {isa = PBXFileReference; lastKnownFileType = file.xib; path = TrendingRepositoryTableViewCell.xib; sourceTree = "<group>"; };
		6A47F8FC286421F200915B25 /* TrendingRepositoryTableViewCellViewModel.swift */ = {isa = PBXFileReference; lastKnownFileType = sourcecode.swift; path = TrendingRepositoryTableViewCellViewModel.swift; sourceTree = "<group>"; };
		6A47F90428643F3D00915B25 /* UIImageView+Extension.swift */ = {isa = PBXFileReference; lastKnownFileType = sourcecode.swift; path = "UIImageView+Extension.swift"; sourceTree = "<group>"; };
		6A47F9082864425A00915B25 /* UINavigationControllerFactory.swift */ = {isa = PBXFileReference; fileEncoding = 4; lastKnownFileType = sourcecode.swift; path = UINavigationControllerFactory.swift; sourceTree = "<group>"; };
		6A47F91928644E0E00915B25 /* ImageLoadAdapter.swift */ = {isa = PBXFileReference; lastKnownFileType = sourcecode.swift; path = ImageLoadAdapter.swift; sourceTree = "<group>"; };
		6A47F91B286452F200915B25 /* TrendingRepositoriesViewModel.swift */ = {isa = PBXFileReference; lastKnownFileType = sourcecode.swift; path = TrendingRepositoriesViewModel.swift; sourceTree = "<group>"; };
		6A47F9222864C70C00915B25 /* TrendingRepositoriesViewController.swift */ = {isa = PBXFileReference; lastKnownFileType = sourcecode.swift; path = TrendingRepositoriesViewController.swift; sourceTree = "<group>"; };
		6A47F9282865823900915B25 /* 4506-retry-and-user-busy-version-2.json */ = {isa = PBXFileReference; fileEncoding = 4; lastKnownFileType = text.json; path = "4506-retry-and-user-busy-version-2.json"; sourceTree = "<group>"; };
		6A47F92A286583F400915B25 /* UIView+Extension.swift */ = {isa = PBXFileReference; lastKnownFileType = sourcecode.swift; path = "UIView+Extension.swift"; sourceTree = "<group>"; };
		6A47F92F286585B500915B25 /* LoadingErrorView.swift */ = {isa = PBXFileReference; lastKnownFileType = sourcecode.swift; path = LoadingErrorView.swift; sourceTree = "<group>"; };
		6A47F931286585D300915B25 /* LoadingErrorView.xib */ = {isa = PBXFileReference; lastKnownFileType = file.xib; path = LoadingErrorView.xib; sourceTree = "<group>"; };
		6A47F937286648A500915B25 /* String+Extension.swift */ = {isa = PBXFileReference; lastKnownFileType = sourcecode.swift; path = "String+Extension.swift"; sourceTree = "<group>"; };
		6A47F93F2866A26E00915B25 /* TrendingRepositoriesViewModelTests.swift */ = {isa = PBXFileReference; lastKnownFileType = sourcecode.swift; path = TrendingRepositoriesViewModelTests.swift; sourceTree = "<group>"; };
		6A47F9422866A30E00915B25 /* TrendRepositoryStub.swift */ = {isa = PBXFileReference; lastKnownFileType = sourcecode.swift; path = TrendRepositoryStub.swift; sourceTree = "<group>"; };
		6A47F9462866B02200915B25 /* TrendingRepositoriesViewControllerTests.swift */ = {isa = PBXFileReference; lastKnownFileType = sourcecode.swift; path = TrendingRepositoriesViewControllerTests.swift; sourceTree = "<group>"; };
		6A47F9492866E1F700915B25 /* TrendingRepositoryTableViewCellViewModelTests.swift */ = {isa = PBXFileReference; lastKnownFileType = sourcecode.swift; path = TrendingRepositoryTableViewCellViewModelTests.swift; sourceTree = "<group>"; };
		6A47F94F28671E3600915B25 /* TrendingRepositoriesBuilder.swift */ = {isa = PBXFileReference; lastKnownFileType = sourcecode.swift; path = TrendingRepositoriesBuilder.swift; sourceTree = "<group>"; };
		6A60515D2861E2CD008A5254 /* Router.swift */ = {isa = PBXFileReference; lastKnownFileType = sourcecode.swift; path = Router.swift; sourceTree = "<group>"; };
		6A60515F2861F6B4008A5254 /* TrendModel.swift */ = {isa = PBXFileReference; lastKnownFileType = sourcecode.swift; path = TrendModel.swift; sourceTree = "<group>"; };
		6A6051612862041F008A5254 /* TrendRepository.swift */ = {isa = PBXFileReference; lastKnownFileType = sourcecode.swift; path = TrendRepository.swift; sourceTree = "<group>"; };
		6A6051632862D165008A5254 /* OwnerModel.swift */ = {isa = PBXFileReference; lastKnownFileType = sourcecode.swift; path = OwnerModel.swift; sourceTree = "<group>"; };
		6A76F435287FF7CF00F716D1 /* TrendingRepositoriesBuilderTests.swift */ = {isa = PBXFileReference; lastKnownFileType = sourcecode.swift; path = TrendingRepositoriesBuilderTests.swift; sourceTree = "<group>"; };
		6A82F01F28618A6B0093337C /* ApiManager.swift */ = {isa = PBXFileReference; lastKnownFileType = sourcecode.swift; path = ApiManager.swift; sourceTree = "<group>"; };
		6A82F023286193450093337C /* ApiManagerTests.swift */ = {isa = PBXFileReference; lastKnownFileType = sourcecode.swift; path = ApiManagerTests.swift; sourceTree = "<group>"; };
		6AA9C93D2875A97A00B8ECDD /* RepositoryDescriptionViewController.swift */ = {isa = PBXFileReference; lastKnownFileType = sourcecode.swift; path = RepositoryDescriptionViewController.swift; sourceTree = "<group>"; };
		6AA9C93E2875A97A00B8ECDD /* RepositoryDescriptionViewController.xib */ = {isa = PBXFileReference; lastKnownFileType = file.xib; path = RepositoryDescriptionViewController.xib; sourceTree = "<group>"; };
		6AA9C9422875A9D300B8ECDD /* RepositoryDesciptionViewControllerTests.swift */ = {isa = PBXFileReference; lastKnownFileType = sourcecode.swift; path = RepositoryDesciptionViewControllerTests.swift; sourceTree = "<group>"; };
		6AA9C9452875AB1400B8ECDD /* AppRouter.swift */ = {isa = PBXFileReference; lastKnownFileType = sourcecode.swift; path = AppRouter.swift; sourceTree = "<group>"; };
		6AA9C94A2875AB5600B8ECDD /* AppRouterTests.swift */ = {isa = PBXFileReference; lastKnownFileType = sourcecode.swift; path = AppRouterTests.swift; sourceTree = "<group>"; };
		6AA9C94C2875AC2800B8ECDD /* RepositoryDescriptionViewModel.swift */ = {isa = PBXFileReference; lastKnownFileType = sourcecode.swift; path = RepositoryDescriptionViewModel.swift; sourceTree = "<group>"; };
		6AA9C94E2875AC3C00B8ECDD /* RepositoryDescriptionViewModelTests.swift */ = {isa = PBXFileReference; lastKnownFileType = sourcecode.swift; path = RepositoryDescriptionViewModelTests.swift; sourceTree = "<group>"; };
/* End PBXFileReference section */

/* Begin PBXFrameworksBuildPhase section */
		6A2114022860AC3F000309D9 /* Frameworks */ = {
			isa = PBXFrameworksBuildPhase;
			buildActionMask = 2147483647;
			files = (
				6A47F91F2864B27E00915B25 /* SkeletonView in Frameworks */,
				6A47F9002864398500915B25 /* Kingfisher in Frameworks */,
				6A47F92628657FA500915B25 /* Lottie in Frameworks */,
			);
			runOnlyForDeploymentPostprocessing = 0;
		};
		6A2114182860AC40000309D9 /* Frameworks */ = {
			isa = PBXFrameworksBuildPhase;
			buildActionMask = 2147483647;
			files = (
			);
			runOnlyForDeploymentPostprocessing = 0;
		};
		6A2114222860AC40000309D9 /* Frameworks */ = {
			isa = PBXFrameworksBuildPhase;
			buildActionMask = 2147483647;
			files = (
			);
			runOnlyForDeploymentPostprocessing = 0;
		};
/* End PBXFrameworksBuildPhase section */

/* Begin PBXGroup section */
		6A2113FC2860AC3F000309D9 = {
			isa = PBXGroup;
			children = (
				6A2114072860AC3F000309D9 /* TakeHomeExercise */,
				6A21141E2860AC40000309D9 /* TakeHomeExerciseTests */,
				6A2114282860AC40000309D9 /* TakeHomeExerciseUITests */,
				6A2114062860AC3F000309D9 /* Products */,
			);
			sourceTree = "<group>";
		};
		6A2114062860AC3F000309D9 /* Products */ = {
			isa = PBXGroup;
			children = (
				6A2114052860AC3F000309D9 /* TakeHomeExercise.app */,
				6A21141B2860AC40000309D9 /* TakeHomeExerciseTests.xctest */,
				6A2114252860AC40000309D9 /* TakeHomeExerciseUITests.xctest */,
			);
			name = Products;
			sourceTree = "<group>";
		};
		6A2114072860AC3F000309D9 /* TakeHomeExercise */ = {
			isa = PBXGroup;
			children = (
				6AA9C9442875AAE600B8ECDD /* NavigatonFlow */,
				6A47F90128643C4B00915B25 /* Adapter */,
				6A2114482860DBC2000309D9 /* App */,
				6A2114492860DBE6000309D9 /* Scene */,
				6A2114562860E0E3000309D9 /* Repositories */,
				6A2114542860E086000309D9 /* Model */,
				6A2114512860DFC1000309D9 /* Networking */,
				6A2114502860DF64000309D9 /* TakeHomeKit */,
				6A21144A2860DC38000309D9 /* Storyboards */,
				6A21144B2860DC8C000309D9 /* Resources */,
				6A21144C2860DCFD000309D9 /* Configurations */,
			);
			path = TakeHomeExercise;
			sourceTree = "<group>";
		};
		6A21141E2860AC40000309D9 /* TakeHomeExerciseTests */ = {
			isa = PBXGroup;
			children = (
				6A76F434287FF7A300F716D1 /* TrendingRepositoriesBuilder */,
				6AA9C9472875AB2300B8ECDD /* NavigationFlowTests */,
				6A47F93C2866A1D400915B25 /* Scene */,
				6A47F9412866A2E000915B25 /* Repositories */,
				6A82F021286193130093337C /* Networking */,
			);
			path = TakeHomeExerciseTests;
			sourceTree = "<group>";
		};
		6A2114282860AC40000309D9 /* TakeHomeExerciseUITests */ = {
			isa = PBXGroup;
			children = (
				6A2114292860AC40000309D9 /* TakeHomeExerciseUITests.swift */,
				6A21142B2860AC40000309D9 /* TakeHomeExerciseUITestsLaunchTests.swift */,
			);
			path = TakeHomeExerciseUITests;
			sourceTree = "<group>";
		};
		6A2114482860DBC2000309D9 /* App */ = {
			isa = PBXGroup;
			children = (
				6A21140A2860AC3F000309D9 /* SceneDelegate.swift */,
				6A2114082860AC3F000309D9 /* AppDelegate.swift */,
			);
			path = App;
			sourceTree = "<group>";
		};
		6A2114492860DBE6000309D9 /* Scene */ = {
			isa = PBXGroup;
			children = (
				6AA9C93C2875A95A00B8ECDD /* RepositoryDesciption */,
				6A47F94E28671DE100915B25 /* TrendingRepositoriesBuilder */,
				6A47F8E928636E9E00915B25 /* TrendingRepositories */,
			);
			path = Scene;
			sourceTree = "<group>";
		};
		6A21144A2860DC38000309D9 /* Storyboards */ = {
			isa = PBXGroup;
			children = (
				6A2114132860AC40000309D9 /* LaunchScreen.storyboard */,
			);
			path = Storyboards;
			sourceTree = "<group>";
		};
		6A21144B2860DC8C000309D9 /* Resources */ = {
			isa = PBXGroup;
			children = (
				6A47F9272865820D00915B25 /* Animation */,
				6A2114112860AC40000309D9 /* Assets.xcassets */,
			);
			path = Resources;
			sourceTree = "<group>";
		};
		6A21144C2860DCFD000309D9 /* Configurations */ = {
			isa = PBXGroup;
			children = (
				6A2114162860AC40000309D9 /* Info.plist */,
			);
			path = Configurations;
			sourceTree = "<group>";
		};
		6A21144D2860DDDA000309D9 /* Factories */ = {
			isa = PBXGroup;
			children = (
				6A47F9082864425A00915B25 /* UINavigationControllerFactory.swift */,
			);
			path = Factories;
			sourceTree = "<group>";
		};
		6A2114502860DF64000309D9 /* TakeHomeKit */ = {
			isa = PBXGroup;
			children = (
				6A2114552860E0B8000309D9 /* Extensions */,
				6A21144D2860DDDA000309D9 /* Factories */,
			);
			path = TakeHomeKit;
			sourceTree = "<group>";
		};
		6A2114512860DFC1000309D9 /* Networking */ = {
			isa = PBXGroup;
			children = (
				6A2114532860DFEF000309D9 /* Services */,
				6A82F01E28617B370093337C /* Manager */,
				6A82F01D28617AB20093337C /* Routes */,
			);
			path = Networking;
			sourceTree = "<group>";
		};
		6A2114532860DFEF000309D9 /* Services */ = {
			isa = PBXGroup;
			children = (
				6A258A752861C77E00F5429C /* TrendService.swift */,
			);
			path = Services;
			sourceTree = "<group>";
		};
		6A2114542860E086000309D9 /* Model */ = {
			isa = PBXGroup;
			children = (
				6A60515F2861F6B4008A5254 /* TrendModel.swift */,
				6A47F8AD2862ED7900915B25 /* ItemModel.swift */,
				6A6051632862D165008A5254 /* OwnerModel.swift */,
			);
			path = Model;
			sourceTree = "<group>";
		};
		6A2114552860E0B8000309D9 /* Extensions */ = {
			isa = PBXGroup;
			children = (
				6A47F90428643F3D00915B25 /* UIImageView+Extension.swift */,
				6A47F92A286583F400915B25 /* UIView+Extension.swift */,
				6A47F937286648A500915B25 /* String+Extension.swift */,
			);
			path = Extensions;
			sourceTree = "<group>";
		};
		6A2114562860E0E3000309D9 /* Repositories */ = {
			isa = PBXGroup;
			children = (
				6A6051612862041F008A5254 /* TrendRepository.swift */,
			);
			path = Repositories;
			sourceTree = "<group>";
		};
		6A47F8E928636E9E00915B25 /* TrendingRepositories */ = {
			isa = PBXGroup;
			children = (
				6A47F8EB28636EBC00915B25 /* BaseViewController.xib */,
				6A47F8EA28636EBC00915B25 /* BaseViewController.swift */,
				6A47F91B286452F200915B25 /* TrendingRepositoriesViewModel.swift */,
				6A47F9222864C70C00915B25 /* TrendingRepositoriesViewController.swift */,
				6A47F8F02863FFAE00915B25 /* TableViewCell */,
				6A47F92C2865856300915B25 /* LoadingError */,
			);
			path = TrendingRepositories;
			sourceTree = "<group>";
		};
		6A47F8F02863FFAE00915B25 /* TableViewCell */ = {
			isa = PBXGroup;
			children = (
				6A47F8F22864002800915B25 /* TrendingRepositoryTableViewCell.xib */,
				6A47F8FC286421F200915B25 /* TrendingRepositoryTableViewCellViewModel.swift */,
				6A47F8F12864002800915B25 /* TrendingRepositoryTableViewCell.swift */,
			);
			path = TableViewCell;
			sourceTree = "<group>";
		};
		6A47F90128643C4B00915B25 /* Adapter */ = {
			isa = PBXGroup;
			children = (
				6A47F91928644E0E00915B25 /* ImageLoadAdapter.swift */,
			);
			path = Adapter;
			sourceTree = "<group>";
		};
		6A47F9272865820D00915B25 /* Animation */ = {
			isa = PBXGroup;
			children = (
				6A47F9282865823900915B25 /* 4506-retry-and-user-busy-version-2.json */,
			);
			path = Animation;
			sourceTree = "<group>";
		};
		6A47F92C2865856300915B25 /* LoadingError */ = {
			isa = PBXGroup;
			children = (
				6A47F931286585D300915B25 /* LoadingErrorView.xib */,
				6A47F92F286585B500915B25 /* LoadingErrorView.swift */,
			);
			path = LoadingError;
			sourceTree = "<group>";
		};
		6A47F93C2866A1D400915B25 /* Scene */ = {
			isa = PBXGroup;
			children = (
				6AA9C9412875A9A500B8ECDD /* RepositoryDescriprionTests */,
				6A47F93E2866A21500915B25 /* TrendingRepositoriesTests */,
			);
			path = Scene;
			sourceTree = "<group>";
		};
		6A47F93E2866A21500915B25 /* TrendingRepositoriesTests */ = {
			isa = PBXGroup;
			children = (
				6A47F93F2866A26E00915B25 /* TrendingRepositoriesViewModelTests.swift */,
				6A47F9462866B02200915B25 /* TrendingRepositoriesViewControllerTests.swift */,
				6A47F9482866E1D600915B25 /* TableViewCell */,
			);
			path = TrendingRepositoriesTests;
			sourceTree = "<group>";
		};
		6A47F9412866A2E000915B25 /* Repositories */ = {
			isa = PBXGroup;
			children = (
				6A47F9422866A30E00915B25 /* TrendRepositoryStub.swift */,
			);
			path = Repositories;
			sourceTree = "<group>";
		};
		6A47F9482866E1D600915B25 /* TableViewCell */ = {
			isa = PBXGroup;
			children = (
				6A47F9492866E1F700915B25 /* TrendingRepositoryTableViewCellViewModelTests.swift */,
			);
			path = TableViewCell;
			sourceTree = "<group>";
		};
		6A47F94E28671DE100915B25 /* TrendingRepositoriesBuilder */ = {
			isa = PBXGroup;
			children = (
				6A47F94F28671E3600915B25 /* TrendingRepositoriesBuilder.swift */,
			);
			path = TrendingRepositoriesBuilder;
			sourceTree = "<group>";
		};
		6A76F434287FF7A300F716D1 /* TrendingRepositoriesBuilder */ = {
			isa = PBXGroup;
			children = (
				6A76F435287FF7CF00F716D1 /* TrendingRepositoriesBuilderTests.swift */,
			);
			path = TrendingRepositoriesBuilder;
			sourceTree = "<group>";
		};
		6A82F01D28617AB20093337C /* Routes */ = {
			isa = PBXGroup;
			children = (
				6A60515D2861E2CD008A5254 /* Router.swift */,
			);
			path = Routes;
			sourceTree = "<group>";
		};
		6A82F01E28617B370093337C /* Manager */ = {
			isa = PBXGroup;
			children = (
				6A82F01F28618A6B0093337C /* ApiManager.swift */,
			);
			path = Manager;
			sourceTree = "<group>";
		};
		6A82F021286193130093337C /* Networking */ = {
			isa = PBXGroup;
			children = (
				6A82F022286193240093337C /* BaseService */,
			);
			path = Networking;
			sourceTree = "<group>";
		};
		6A82F022286193240093337C /* BaseService */ = {
			isa = PBXGroup;
			children = (
				6A82F023286193450093337C /* ApiManagerTests.swift */,
			);
			path = BaseService;
			sourceTree = "<group>";
		};
		6AA9C93C2875A95A00B8ECDD /* RepositoryDesciption */ = {
			isa = PBXGroup;
			children = (
				6AA9C93D2875A97A00B8ECDD /* RepositoryDescriptionViewController.swift */,
				6AA9C93E2875A97A00B8ECDD /* RepositoryDescriptionViewController.xib */,
				6AA9C94C2875AC2800B8ECDD /* RepositoryDescriptionViewModel.swift */,
			);
			path = RepositoryDesciption;
			sourceTree = "<group>";
		};
		6AA9C9412875A9A500B8ECDD /* RepositoryDescriprionTests */ = {
			isa = PBXGroup;
			children = (
				6AA9C9422875A9D300B8ECDD /* RepositoryDesciptionViewControllerTests.swift */,
				6AA9C94E2875AC3C00B8ECDD /* RepositoryDescriptionViewModelTests.swift */,
			);
			path = RepositoryDescriprionTests;
			sourceTree = "<group>";
		};
		6AA9C9442875AAE600B8ECDD /* NavigatonFlow */ = {
			isa = PBXGroup;
			children = (
				6AA9C9452875AB1400B8ECDD /* AppRouter.swift */,
			);
			path = NavigatonFlow;
			sourceTree = "<group>";
		};
		6AA9C9472875AB2300B8ECDD /* NavigationFlowTests */ = {
			isa = PBXGroup;
			children = (
				6AA9C94A2875AB5600B8ECDD /* AppRouterTests.swift */,
			);
			path = NavigationFlowTests;
			sourceTree = "<group>";
		};
/* End PBXGroup section */

/* Begin PBXNativeTarget section */
		6A2114042860AC3F000309D9 /* TakeHomeExercise */ = {
			isa = PBXNativeTarget;
			buildConfigurationList = 6A21142F2860AC40000309D9 /* Build configuration list for PBXNativeTarget "TakeHomeExercise" */;
			buildPhases = (
				6A2114012860AC3F000309D9 /* Sources */,
				6A2114022860AC3F000309D9 /* Frameworks */,
				6A2114032860AC3F000309D9 /* Resources */,
			);
			buildRules = (
			);
			dependencies = (
			);
			name = TakeHomeExercise;
			packageProductDependencies = (
				6A47F8FF2864398500915B25 /* Kingfisher */,
				6A47F91E2864B27E00915B25 /* SkeletonView */,
				6A47F92528657FA500915B25 /* Lottie */,
			);
			productName = TakeHomeExercise;
			productReference = 6A2114052860AC3F000309D9 /* TakeHomeExercise.app */;
			productType = "com.apple.product-type.application";
		};
		6A21141A2860AC40000309D9 /* TakeHomeExerciseTests */ = {
			isa = PBXNativeTarget;
			buildConfigurationList = 6A2114322860AC40000309D9 /* Build configuration list for PBXNativeTarget "TakeHomeExerciseTests" */;
			buildPhases = (
				6A2114172860AC40000309D9 /* Sources */,
				6A2114182860AC40000309D9 /* Frameworks */,
				6A2114192860AC40000309D9 /* Resources */,
			);
			buildRules = (
			);
			dependencies = (
				6A21141D2860AC40000309D9 /* PBXTargetDependency */,
			);
			name = TakeHomeExerciseTests;
			productName = TakeHomeExerciseTests;
			productReference = 6A21141B2860AC40000309D9 /* TakeHomeExerciseTests.xctest */;
			productType = "com.apple.product-type.bundle.unit-test";
		};
		6A2114242860AC40000309D9 /* TakeHomeExerciseUITests */ = {
			isa = PBXNativeTarget;
			buildConfigurationList = 6A2114352860AC40000309D9 /* Build configuration list for PBXNativeTarget "TakeHomeExerciseUITests" */;
			buildPhases = (
				6A2114212860AC40000309D9 /* Sources */,
				6A2114222860AC40000309D9 /* Frameworks */,
				6A2114232860AC40000309D9 /* Resources */,
			);
			buildRules = (
			);
			dependencies = (
				6A2114272860AC40000309D9 /* PBXTargetDependency */,
			);
			name = TakeHomeExerciseUITests;
			productName = TakeHomeExerciseUITests;
			productReference = 6A2114252860AC40000309D9 /* TakeHomeExerciseUITests.xctest */;
			productType = "com.apple.product-type.bundle.ui-testing";
		};
/* End PBXNativeTarget section */

/* Begin PBXProject section */
		6A2113FD2860AC3F000309D9 /* Project object */ = {
			isa = PBXProject;
			attributes = {
				BuildIndependentTargetsInParallel = 1;
				LastSwiftUpdateCheck = 1320;
				LastUpgradeCheck = 1320;
				TargetAttributes = {
					6A2114042860AC3F000309D9 = {
						CreatedOnToolsVersion = 13.2.1;
					};
					6A21141A2860AC40000309D9 = {
						CreatedOnToolsVersion = 13.2.1;
						TestTargetID = 6A2114042860AC3F000309D9;
					};
					6A2114242860AC40000309D9 = {
						CreatedOnToolsVersion = 13.2.1;
						TestTargetID = 6A2114042860AC3F000309D9;
					};
				};
			};
			buildConfigurationList = 6A2114002860AC3F000309D9 /* Build configuration list for PBXProject "TakeHomeExercise" */;
			compatibilityVersion = "Xcode 13.0";
			developmentRegion = en;
			hasScannedForEncodings = 0;
			knownRegions = (
				en,
				Base,
			);
			mainGroup = 6A2113FC2860AC3F000309D9;
			packageReferences = (
				6A47F8FE2864398500915B25 /* XCRemoteSwiftPackageReference "Kingfisher" */,
				6A47F91D2864B27E00915B25 /* XCRemoteSwiftPackageReference "SkeletonView" */,
				6A47F92428657FA500915B25 /* XCRemoteSwiftPackageReference "lottie-ios" */,
			);
			productRefGroup = 6A2114062860AC3F000309D9 /* Products */;
			projectDirPath = "";
			projectRoot = "";
			targets = (
				6A2114042860AC3F000309D9 /* TakeHomeExercise */,
				6A21141A2860AC40000309D9 /* TakeHomeExerciseTests */,
				6A2114242860AC40000309D9 /* TakeHomeExerciseUITests */,
			);
		};
/* End PBXProject section */

/* Begin PBXResourcesBuildPhase section */
		6A2114032860AC3F000309D9 /* Resources */ = {
			isa = PBXResourcesBuildPhase;
			buildActionMask = 2147483647;
			files = (
				6A2114152860AC40000309D9 /* LaunchScreen.storyboard in Resources */,
				6A47F9292865823900915B25 /* 4506-retry-and-user-busy-version-2.json in Resources */,
				6AA9C9402875A97A00B8ECDD /* RepositoryDescriptionViewController.xib in Resources */,
				6A2114122860AC40000309D9 /* Assets.xcassets in Resources */,
				6A47F8F42864002800915B25 /* TrendingRepositoryTableViewCell.xib in Resources */,
				6A47F932286585D300915B25 /* LoadingErrorView.xib in Resources */,
				6A47F8ED28636EBC00915B25 /* BaseViewController.xib in Resources */,
			);
			runOnlyForDeploymentPostprocessing = 0;
		};
		6A2114192860AC40000309D9 /* Resources */ = {
			isa = PBXResourcesBuildPhase;
			buildActionMask = 2147483647;
			files = (
			);
			runOnlyForDeploymentPostprocessing = 0;
		};
		6A2114232860AC40000309D9 /* Resources */ = {
			isa = PBXResourcesBuildPhase;
			buildActionMask = 2147483647;
			files = (
			);
			runOnlyForDeploymentPostprocessing = 0;
		};
/* End PBXResourcesBuildPhase section */

/* Begin PBXSourcesBuildPhase section */
		6A2114012860AC3F000309D9 /* Sources */ = {
			isa = PBXSourcesBuildPhase;
			buildActionMask = 2147483647;
			files = (
				6A47F930286585B500915B25 /* LoadingErrorView.swift in Sources */,
				6A82F02028618A6B0093337C /* ApiManager.swift in Sources */,
				6A6051642862D165008A5254 /* OwnerModel.swift in Sources */,
				6AA9C93F2875A97A00B8ECDD /* RepositoryDescriptionViewController.swift in Sources */,
				6A6051602861F6B4008A5254 /* TrendModel.swift in Sources */,
				6A258A762861C77E00F5429C /* TrendService.swift in Sources */,
				6A47F8AE2862ED7900915B25 /* ItemModel.swift in Sources */,
				6A47F8FD286421F200915B25 /* TrendingRepositoryTableViewCellViewModel.swift in Sources */,
				6A47F91C286452F200915B25 /* TrendingRepositoriesViewModel.swift in Sources */,
				6AA9C9462875AB1400B8ECDD /* AppRouter.swift in Sources */,
				6A6051622862041F008A5254 /* TrendRepository.swift in Sources */,
				6A47F90528643F3D00915B25 /* UIImageView+Extension.swift in Sources */,
				6A60515E2861E2CD008A5254 /* Router.swift in Sources */,
				6A47F938286648A500915B25 /* String+Extension.swift in Sources */,
				6A47F95028671E3600915B25 /* TrendingRepositoriesBuilder.swift in Sources */,
				6AA9C94D2875AC2800B8ECDD /* RepositoryDescriptionViewModel.swift in Sources */,
				6A47F8EC28636EBC00915B25 /* BaseViewController.swift in Sources */,
				6A47F92B286583F400915B25 /* UIView+Extension.swift in Sources */,
				6A2114092860AC3F000309D9 /* AppDelegate.swift in Sources */,
				6A47F91A28644E0E00915B25 /* ImageLoadAdapter.swift in Sources */,
				6A47F8F32864002800915B25 /* TrendingRepositoryTableViewCell.swift in Sources */,
				6A47F9092864425A00915B25 /* UINavigationControllerFactory.swift in Sources */,
				6A47F9232864C70C00915B25 /* TrendingRepositoriesViewController.swift in Sources */,
				6A21140B2860AC3F000309D9 /* SceneDelegate.swift in Sources */,
			);
			runOnlyForDeploymentPostprocessing = 0;
		};
		6A2114172860AC40000309D9 /* Sources */ = {
			isa = PBXSourcesBuildPhase;
			buildActionMask = 2147483647;
			files = (
				6AA9C9432875A9D300B8ECDD /* RepositoryDesciptionViewControllerTests.swift in Sources */,
				6A82F024286193450093337C /* ApiManagerTests.swift in Sources */,
				6A47F9402866A26E00915B25 /* TrendingRepositoriesViewModelTests.swift in Sources */,
				6A47F94A2866E1F800915B25 /* TrendingRepositoryTableViewCellViewModelTests.swift in Sources */,
				6A47F9432866A30E00915B25 /* TrendRepositoryStub.swift in Sources */,
				6AA9C94B2875AB5600B8ECDD /* AppRouterTests.swift in Sources */,
				6A76F436287FF7CF00F716D1 /* TrendingRepositoriesBuilderTests.swift in Sources */,
				6A47F9472866B02200915B25 /* TrendingRepositoriesViewControllerTests.swift in Sources */,
				6AA9C94F2875AC3C00B8ECDD /* RepositoryDescriptionViewModelTests.swift in Sources */,
			);
			runOnlyForDeploymentPostprocessing = 0;
		};
		6A2114212860AC40000309D9 /* Sources */ = {
			isa = PBXSourcesBuildPhase;
			buildActionMask = 2147483647;
			files = (
				6A21142C2860AC40000309D9 /* TakeHomeExerciseUITestsLaunchTests.swift in Sources */,
				6A21142A2860AC40000309D9 /* TakeHomeExerciseUITests.swift in Sources */,
			);
			runOnlyForDeploymentPostprocessing = 0;
		};
/* End PBXSourcesBuildPhase section */

/* Begin PBXTargetDependency section */
		6A21141D2860AC40000309D9 /* PBXTargetDependency */ = {
			isa = PBXTargetDependency;
			target = 6A2114042860AC3F000309D9 /* TakeHomeExercise */;
			targetProxy = 6A21141C2860AC40000309D9 /* PBXContainerItemProxy */;
		};
		6A2114272860AC40000309D9 /* PBXTargetDependency */ = {
			isa = PBXTargetDependency;
			target = 6A2114042860AC3F000309D9 /* TakeHomeExercise */;
			targetProxy = 6A2114262860AC40000309D9 /* PBXContainerItemProxy */;
		};
/* End PBXTargetDependency section */

/* Begin PBXVariantGroup section */
		6A2114132860AC40000309D9 /* LaunchScreen.storyboard */ = {
			isa = PBXVariantGroup;
			children = (
				6A2114142860AC40000309D9 /* Base */,
			);
			name = LaunchScreen.storyboard;
			sourceTree = "<group>";
		};
/* End PBXVariantGroup section */

/* Begin XCBuildConfiguration section */
		6A21142D2860AC40000309D9 /* Debug */ = {
			isa = XCBuildConfiguration;
			buildSettings = {
				ALWAYS_SEARCH_USER_PATHS = NO;
				CLANG_ANALYZER_NONNULL = YES;
				CLANG_ANALYZER_NUMBER_OBJECT_CONVERSION = YES_AGGRESSIVE;
				CLANG_CXX_LANGUAGE_STANDARD = "gnu++17";
				CLANG_CXX_LIBRARY = "libc++";
				CLANG_ENABLE_MODULES = YES;
				CLANG_ENABLE_OBJC_ARC = YES;
				CLANG_ENABLE_OBJC_WEAK = YES;
				CLANG_WARN_BLOCK_CAPTURE_AUTORELEASING = YES;
				CLANG_WARN_BOOL_CONVERSION = YES;
				CLANG_WARN_COMMA = YES;
				CLANG_WARN_CONSTANT_CONVERSION = YES;
				CLANG_WARN_DEPRECATED_OBJC_IMPLEMENTATIONS = YES;
				CLANG_WARN_DIRECT_OBJC_ISA_USAGE = YES_ERROR;
				CLANG_WARN_DOCUMENTATION_COMMENTS = YES;
				CLANG_WARN_EMPTY_BODY = YES;
				CLANG_WARN_ENUM_CONVERSION = YES;
				CLANG_WARN_INFINITE_RECURSION = YES;
				CLANG_WARN_INT_CONVERSION = YES;
				CLANG_WARN_NON_LITERAL_NULL_CONVERSION = YES;
				CLANG_WARN_OBJC_IMPLICIT_RETAIN_SELF = YES;
				CLANG_WARN_OBJC_LITERAL_CONVERSION = YES;
				CLANG_WARN_OBJC_ROOT_CLASS = YES_ERROR;
				CLANG_WARN_QUOTED_INCLUDE_IN_FRAMEWORK_HEADER = YES;
				CLANG_WARN_RANGE_LOOP_ANALYSIS = YES;
				CLANG_WARN_STRICT_PROTOTYPES = YES;
				CLANG_WARN_SUSPICIOUS_MOVE = YES;
				CLANG_WARN_UNGUARDED_AVAILABILITY = YES_AGGRESSIVE;
				CLANG_WARN_UNREACHABLE_CODE = YES;
				CLANG_WARN__DUPLICATE_METHOD_MATCH = YES;
				COPY_PHASE_STRIP = NO;
				DEBUG_INFORMATION_FORMAT = dwarf;
				ENABLE_STRICT_OBJC_MSGSEND = YES;
				ENABLE_TESTABILITY = YES;
				GCC_C_LANGUAGE_STANDARD = gnu11;
				GCC_DYNAMIC_NO_PIC = NO;
				GCC_NO_COMMON_BLOCKS = YES;
				GCC_OPTIMIZATION_LEVEL = 0;
				GCC_PREPROCESSOR_DEFINITIONS = (
					"DEBUG=1",
					"$(inherited)",
				);
				GCC_WARN_64_TO_32_BIT_CONVERSION = YES;
				GCC_WARN_ABOUT_RETURN_TYPE = YES_ERROR;
				GCC_WARN_UNDECLARED_SELECTOR = YES;
				GCC_WARN_UNINITIALIZED_AUTOS = YES_AGGRESSIVE;
				GCC_WARN_UNUSED_FUNCTION = YES;
				GCC_WARN_UNUSED_VARIABLE = YES;
				IPHONEOS_DEPLOYMENT_TARGET = 15.2;
				MTL_ENABLE_DEBUG_INFO = INCLUDE_SOURCE;
				MTL_FAST_MATH = YES;
				ONLY_ACTIVE_ARCH = YES;
				SDKROOT = iphoneos;
				SWIFT_ACTIVE_COMPILATION_CONDITIONS = DEBUG;
				SWIFT_OPTIMIZATION_LEVEL = "-Onone";
			};
			name = Debug;
		};
		6A21142E2860AC40000309D9 /* Release */ = {
			isa = XCBuildConfiguration;
			buildSettings = {
				ALWAYS_SEARCH_USER_PATHS = NO;
				CLANG_ANALYZER_NONNULL = YES;
				CLANG_ANALYZER_NUMBER_OBJECT_CONVERSION = YES_AGGRESSIVE;
				CLANG_CXX_LANGUAGE_STANDARD = "gnu++17";
				CLANG_CXX_LIBRARY = "libc++";
				CLANG_ENABLE_MODULES = YES;
				CLANG_ENABLE_OBJC_ARC = YES;
				CLANG_ENABLE_OBJC_WEAK = YES;
				CLANG_WARN_BLOCK_CAPTURE_AUTORELEASING = YES;
				CLANG_WARN_BOOL_CONVERSION = YES;
				CLANG_WARN_COMMA = YES;
				CLANG_WARN_CONSTANT_CONVERSION = YES;
				CLANG_WARN_DEPRECATED_OBJC_IMPLEMENTATIONS = YES;
				CLANG_WARN_DIRECT_OBJC_ISA_USAGE = YES_ERROR;
				CLANG_WARN_DOCUMENTATION_COMMENTS = YES;
				CLANG_WARN_EMPTY_BODY = YES;
				CLANG_WARN_ENUM_CONVERSION = YES;
				CLANG_WARN_INFINITE_RECURSION = YES;
				CLANG_WARN_INT_CONVERSION = YES;
				CLANG_WARN_NON_LITERAL_NULL_CONVERSION = YES;
				CLANG_WARN_OBJC_IMPLICIT_RETAIN_SELF = YES;
				CLANG_WARN_OBJC_LITERAL_CONVERSION = YES;
				CLANG_WARN_OBJC_ROOT_CLASS = YES_ERROR;
				CLANG_WARN_QUOTED_INCLUDE_IN_FRAMEWORK_HEADER = YES;
				CLANG_WARN_RANGE_LOOP_ANALYSIS = YES;
				CLANG_WARN_STRICT_PROTOTYPES = YES;
				CLANG_WARN_SUSPICIOUS_MOVE = YES;
				CLANG_WARN_UNGUARDED_AVAILABILITY = YES_AGGRESSIVE;
				CLANG_WARN_UNREACHABLE_CODE = YES;
				CLANG_WARN__DUPLICATE_METHOD_MATCH = YES;
				COPY_PHASE_STRIP = NO;
				DEBUG_INFORMATION_FORMAT = "dwarf-with-dsym";
				ENABLE_NS_ASSERTIONS = NO;
				ENABLE_STRICT_OBJC_MSGSEND = YES;
				GCC_C_LANGUAGE_STANDARD = gnu11;
				GCC_NO_COMMON_BLOCKS = YES;
				GCC_WARN_64_TO_32_BIT_CONVERSION = YES;
				GCC_WARN_ABOUT_RETURN_TYPE = YES_ERROR;
				GCC_WARN_UNDECLARED_SELECTOR = YES;
				GCC_WARN_UNINITIALIZED_AUTOS = YES_AGGRESSIVE;
				GCC_WARN_UNUSED_FUNCTION = YES;
				GCC_WARN_UNUSED_VARIABLE = YES;
				IPHONEOS_DEPLOYMENT_TARGET = 15.2;
				MTL_ENABLE_DEBUG_INFO = NO;
				MTL_FAST_MATH = YES;
				SDKROOT = iphoneos;
				SWIFT_COMPILATION_MODE = wholemodule;
				SWIFT_OPTIMIZATION_LEVEL = "-O";
				VALIDATE_PRODUCT = YES;
			};
			name = Release;
		};
		6A2114302860AC40000309D9 /* Debug */ = {
			isa = XCBuildConfiguration;
			buildSettings = {
				ASSETCATALOG_COMPILER_APPICON_NAME = AppIcon;
				ASSETCATALOG_COMPILER_GLOBAL_ACCENT_COLOR_NAME = AccentColor;
				CODE_SIGN_STYLE = Automatic;
				CURRENT_PROJECT_VERSION = 1;
				GENERATE_INFOPLIST_FILE = YES;
				INFOPLIST_FILE = TakeHomeExercise/Configurations/Info.plist;
				INFOPLIST_KEY_UIApplicationSupportsIndirectInputEvents = YES;
				INFOPLIST_KEY_UILaunchStoryboardName = LaunchScreen;
				INFOPLIST_KEY_UISupportedInterfaceOrientations_iPad = "UIInterfaceOrientationPortrait UIInterfaceOrientationPortraitUpsideDown UIInterfaceOrientationLandscapeLeft UIInterfaceOrientationLandscapeRight";
				INFOPLIST_KEY_UISupportedInterfaceOrientations_iPhone = "UIInterfaceOrientationPortrait UIInterfaceOrientationLandscapeLeft UIInterfaceOrientationLandscapeRight";
				LD_RUNPATH_SEARCH_PATHS = (
					"$(inherited)",
					"@executable_path/Frameworks",
				);
				MARKETING_VERSION = 1.0;
				PRODUCT_BUNDLE_IDENTIFIER = com.Mobile.TakeHomeExercise;
				PRODUCT_NAME = "$(TARGET_NAME)";
				SWIFT_EMIT_LOC_STRINGS = YES;
				SWIFT_VERSION = 5.0;
				TARGETED_DEVICE_FAMILY = "1,2";
			};
			name = Debug;
		};
		6A2114312860AC40000309D9 /* Release */ = {
			isa = XCBuildConfiguration;
			buildSettings = {
				ASSETCATALOG_COMPILER_APPICON_NAME = AppIcon;
				ASSETCATALOG_COMPILER_GLOBAL_ACCENT_COLOR_NAME = AccentColor;
				CODE_SIGN_STYLE = Automatic;
				CURRENT_PROJECT_VERSION = 1;
				GENERATE_INFOPLIST_FILE = YES;
				INFOPLIST_FILE = TakeHomeExercise/Configurations/Info.plist;
				INFOPLIST_KEY_UIApplicationSupportsIndirectInputEvents = YES;
				INFOPLIST_KEY_UILaunchStoryboardName = LaunchScreen;
				INFOPLIST_KEY_UISupportedInterfaceOrientations_iPad = "UIInterfaceOrientationPortrait UIInterfaceOrientationPortraitUpsideDown UIInterfaceOrientationLandscapeLeft UIInterfaceOrientationLandscapeRight";
				INFOPLIST_KEY_UISupportedInterfaceOrientations_iPhone = "UIInterfaceOrientationPortrait UIInterfaceOrientationLandscapeLeft UIInterfaceOrientationLandscapeRight";
				LD_RUNPATH_SEARCH_PATHS = (
					"$(inherited)",
					"@executable_path/Frameworks",
				);
				MARKETING_VERSION = 1.0;
				PRODUCT_BUNDLE_IDENTIFIER = com.Mobile.TakeHomeExercise;
				PRODUCT_NAME = "$(TARGET_NAME)";
				SWIFT_EMIT_LOC_STRINGS = YES;
				SWIFT_VERSION = 5.0;
				TARGETED_DEVICE_FAMILY = "1,2";
			};
			name = Release;
		};
		6A2114332860AC40000309D9 /* Debug */ = {
			isa = XCBuildConfiguration;
			buildSettings = {
				ALWAYS_EMBED_SWIFT_STANDARD_LIBRARIES = YES;
				BUNDLE_LOADER = "$(TEST_HOST)";
				CODE_SIGN_STYLE = Automatic;
				CURRENT_PROJECT_VERSION = 1;
				GENERATE_INFOPLIST_FILE = YES;
				IPHONEOS_DEPLOYMENT_TARGET = 15.2;
				MARKETING_VERSION = 1.0;
				PRODUCT_BUNDLE_IDENTIFIER = com.Mobile.TakeHomeExerciseTests;
				PRODUCT_NAME = "$(TARGET_NAME)";
				SWIFT_EMIT_LOC_STRINGS = NO;
				SWIFT_VERSION = 5.0;
				TARGETED_DEVICE_FAMILY = "1,2";
				TEST_HOST = "$(BUILT_PRODUCTS_DIR)/TakeHomeExercise.app/TakeHomeExercise";
			};
			name = Debug;
		};
		6A2114342860AC40000309D9 /* Release */ = {
			isa = XCBuildConfiguration;
			buildSettings = {
				ALWAYS_EMBED_SWIFT_STANDARD_LIBRARIES = YES;
				BUNDLE_LOADER = "$(TEST_HOST)";
				CODE_SIGN_STYLE = Automatic;
				CURRENT_PROJECT_VERSION = 1;
				GENERATE_INFOPLIST_FILE = YES;
				IPHONEOS_DEPLOYMENT_TARGET = 15.2;
				MARKETING_VERSION = 1.0;
				PRODUCT_BUNDLE_IDENTIFIER = com.Mobile.TakeHomeExerciseTests;
				PRODUCT_NAME = "$(TARGET_NAME)";
				SWIFT_EMIT_LOC_STRINGS = NO;
				SWIFT_VERSION = 5.0;
				TARGETED_DEVICE_FAMILY = "1,2";
				TEST_HOST = "$(BUILT_PRODUCTS_DIR)/TakeHomeExercise.app/TakeHomeExercise";
			};
			name = Release;
		};
		6A2114362860AC40000309D9 /* Debug */ = {
			isa = XCBuildConfiguration;
			buildSettings = {
				ALWAYS_EMBED_SWIFT_STANDARD_LIBRARIES = YES;
				CODE_SIGN_STYLE = Automatic;
				CURRENT_PROJECT_VERSION = 1;
				GENERATE_INFOPLIST_FILE = YES;
				MARKETING_VERSION = 1.0;
				PRODUCT_BUNDLE_IDENTIFIER = com.Mobile.TakeHomeExerciseUITests;
				PRODUCT_NAME = "$(TARGET_NAME)";
				SWIFT_EMIT_LOC_STRINGS = NO;
				SWIFT_VERSION = 5.0;
				TARGETED_DEVICE_FAMILY = "1,2";
				TEST_TARGET_NAME = TakeHomeExercise;
			};
			name = Debug;
		};
		6A2114372860AC40000309D9 /* Release */ = {
			isa = XCBuildConfiguration;
			buildSettings = {
				ALWAYS_EMBED_SWIFT_STANDARD_LIBRARIES = YES;
				CODE_SIGN_STYLE = Automatic;
				CURRENT_PROJECT_VERSION = 1;
				GENERATE_INFOPLIST_FILE = YES;
				MARKETING_VERSION = 1.0;
				PRODUCT_BUNDLE_IDENTIFIER = com.Mobile.TakeHomeExerciseUITests;
				PRODUCT_NAME = "$(TARGET_NAME)";
				SWIFT_EMIT_LOC_STRINGS = NO;
				SWIFT_VERSION = 5.0;
				TARGETED_DEVICE_FAMILY = "1,2";
				TEST_TARGET_NAME = TakeHomeExercise;
			};
			name = Release;
		};
/* End XCBuildConfiguration section */

/* Begin XCConfigurationList section */
		6A2114002860AC3F000309D9 /* Build configuration list for PBXProject "TakeHomeExercise" */ = {
			isa = XCConfigurationList;
			buildConfigurations = (
				6A21142D2860AC40000309D9 /* Debug */,
				6A21142E2860AC40000309D9 /* Release */,
			);
			defaultConfigurationIsVisible = 0;
			defaultConfigurationName = Release;
		};
		6A21142F2860AC40000309D9 /* Build configuration list for PBXNativeTarget "TakeHomeExercise" */ = {
			isa = XCConfigurationList;
			buildConfigurations = (
				6A2114302860AC40000309D9 /* Debug */,
				6A2114312860AC40000309D9 /* Release */,
			);
			defaultConfigurationIsVisible = 0;
			defaultConfigurationName = Release;
		};
		6A2114322860AC40000309D9 /* Build configuration list for PBXNativeTarget "TakeHomeExerciseTests" */ = {
			isa = XCConfigurationList;
			buildConfigurations = (
				6A2114332860AC40000309D9 /* Debug */,
				6A2114342860AC40000309D9 /* Release */,
			);
			defaultConfigurationIsVisible = 0;
			defaultConfigurationName = Release;
		};
		6A2114352860AC40000309D9 /* Build configuration list for PBXNativeTarget "TakeHomeExerciseUITests" */ = {
			isa = XCConfigurationList;
			buildConfigurations = (
				6A2114362860AC40000309D9 /* Debug */,
				6A2114372860AC40000309D9 /* Release */,
			);
			defaultConfigurationIsVisible = 0;
			defaultConfigurationName = Release;
		};
/* End XCConfigurationList section */

/* Begin XCRemoteSwiftPackageReference section */
		6A47F8FE2864398500915B25 /* XCRemoteSwiftPackageReference "Kingfisher" */ = {
			isa = XCRemoteSwiftPackageReference;
			repositoryURL = "https://github.com/onevcat/Kingfisher.git";
			requirement = {
				kind = upToNextMajorVersion;
				minimumVersion = 7.0.0;
			};
		};
		6A47F91D2864B27E00915B25 /* XCRemoteSwiftPackageReference "SkeletonView" */ = {
			isa = XCRemoteSwiftPackageReference;
			repositoryURL = "https://github.com/Juanpe/SkeletonView.git";
			requirement = {
				kind = upToNextMajorVersion;
				minimumVersion = 1.0.0;
			};
		};
		6A47F92428657FA500915B25 /* XCRemoteSwiftPackageReference "lottie-ios" */ = {
			isa = XCRemoteSwiftPackageReference;
			repositoryURL = "https://github.com/airbnb/lottie-ios";
			requirement = {
				kind = upToNextMajorVersion;
				minimumVersion = 3.0.0;
			};
		};
/* End XCRemoteSwiftPackageReference section */

/* Begin XCSwiftPackageProductDependency section */
		6A47F8FF2864398500915B25 /* Kingfisher */ = {
			isa = XCSwiftPackageProductDependency;
			package = 6A47F8FE2864398500915B25 /* XCRemoteSwiftPackageReference "Kingfisher" */;
			productName = Kingfisher;
		};
		6A47F91E2864B27E00915B25 /* SkeletonView */ = {
			isa = XCSwiftPackageProductDependency;
			package = 6A47F91D2864B27E00915B25 /* XCRemoteSwiftPackageReference "SkeletonView" */;
			productName = SkeletonView;
		};
		6A47F92528657FA500915B25 /* Lottie */ = {
			isa = XCSwiftPackageProductDependency;
			package = 6A47F92428657FA500915B25 /* XCRemoteSwiftPackageReference "lottie-ios" */;
			productName = Lottie;
		};
/* End XCSwiftPackageProductDependency section */
	};
	rootObject = 6A2113FD2860AC3F000309D9 /* Project object */;
}
